
Microsoft Visual Studio Solution File, Format Version 12.00
# Visual Studio Version 16
VisualStudioVersion = 16.0.30523.141
MinimumVisualStudioVersion = 10.0.40219.1
Project("{FAE04EC0-301F-11D3-BF4B-00C04F79EFBC}") = "B2MyAppForUT", "B2MyAppForUT\B2MyAppForUT.csproj", "{BDD43A92-AD0B-47C8-82B3-E20F819113A2}"
EndProject
Project("{FAE04EC0-301F-11D3-BF4B-00C04F79EFBC}") = "B2MyLibForUT", "B2MyLibForUT\B2MyLibForUT.csproj", "{E2957A0D-D083-4344-9EF0-43C1B1E00AB9}"
EndProject
Project("{FAE04EC0-301F-11D3-BF4B-00C04F79EFBC}") = "B2MyLibForUTTests", "B2MyLibForUTTests\B2MyLibForUTTests.csproj", "{D7029B0B-9EA6-44DB-9CCB-655F4EB41AF3}"
EndProject
Global
	GlobalSection(SolutionConfigurationPlatforms) = preSolution
		Debug|Any CPU = Debug|Any CPU
		Release|Any CPU = Release|Any CPU
	EndGlobalSection
	GlobalSection(ProjectConfigurationPlatforms) = postSolution
		{BDD43A92-AD0B-47C8-82B3-E20F819113A2}.Debug|Any CPU.ActiveCfg = Debug|Any CPU
		{BDD43A92-AD0B-47C8-82B3-E20F819113A2}.Debug|Any CPU.Build.0 = Debug|Any CPU
		{BDD43A92-AD0B-47C8-82B3-E20F819113A2}.Release|Any CPU.ActiveCfg = Release|Any CPU
		{BDD43A92-AD0B-47C8-82B3-E20F819113A2}.Release|Any CPU.Build.0 = Release|Any CPU
		{E2957A0D-D083-4344-9EF0-43C1B1E00AB9}.Debug|Any CPU.ActiveCfg = Debug|Any CPU
		{E2957A0D-D083-4344-9EF0-43C1B1E00AB9}.Debug|Any CPU.Build.0 = Debug|Any CPU
		{E2957A0D-D083-4344-9EF0-43C1B1E00AB9}.Release|Any CPU.ActiveCfg = Release|Any CPU
		{E2957A0D-D083-4344-9EF0-43C1B1E00AB9}.Release|Any CPU.Build.0 = Release|Any CPU
		{D7029B0B-9EA6-44DB-9CCB-655F4EB41AF3}.Debug|Any CPU.ActiveCfg = Debug|Any CPU
		{D7029B0B-9EA6-44DB-9CCB-655F4EB41AF3}.Debug|Any CPU.Build.0 = Debug|Any CPU
		{D7029B0B-9EA6-44DB-9CCB-655F4EB41AF3}.Release|Any CPU.ActiveCfg = Release|Any CPU
		{D7029B0B-9EA6-44DB-9CCB-655F4EB41AF3}.Release|Any CPU.Build.0 = Release|Any CPU
	EndGlobalSection
	GlobalSection(SolutionProperties) = preSolution
		HideSolutionNode = FALSE
	EndGlobalSection
	GlobalSection(ExtensibilityGlobals) = postSolution
		SolutionGuid = {131AD5F2-268C-4C84-ABAC-23057AFCD381}
	EndGlobalSection
EndGlobal
